
Microsoft Visual Studio Solution File, Format Version 12.00
# Visual Studio Version 17
VisualStudioVersion = 17.0.32112.339
MinimumVisualStudioVersion = 10.0.40219.1
Project("{FAE04EC0-301F-11D3-BF4B-00C04F79EFBC}") = "LibrairieConversionNote", "LibrairieConversionNote\LibrairieConversionNote.csproj", "{113B789C-7ADC-42D0-A274-29D76628AFB8}"
EndProject
Global
	GlobalSection(SolutionConfigurationPlatforms) = preSolution
		Debug|Any CPU = Debug|Any CPU
		Release|Any CPU = Release|Any CPU
	EndGlobalSection
	GlobalSection(ProjectConfigurationPlatforms) = postSolution
		{113B789C-7ADC-42D0-A274-29D76628AFB8}.Debug|Any CPU.ActiveCfg = Debug|Any CPU
		{113B789C-7ADC-42D0-A274-29D76628AFB8}.Debug|Any CPU.Build.0 = Debug|Any CPU
		{113B789C-7ADC-42D0-A274-29D76628AFB8}.Release|Any CPU.ActiveCfg = Release|Any CPU
		{113B789C-7ADC-42D0-A274-29D76628AFB8}.Release|Any CPU.Build.0 = Release|Any CPU
	EndGlobalSection
	GlobalSection(SolutionProperties) = preSolution
		HideSolutionNode = FALSE
	EndGlobalSection
	GlobalSection(ExtensibilityGlobals) = postSolution
		SolutionGuid = {A5FBE33E-BB63-4A85-A111-7A1F3E152F90}
	EndGlobalSection
EndGlobal
